
Microsoft Visual Studio Solution File, Format Version 12.00
# Visual Studio Version 16
VisualStudioVersion = 16.0.29215.179
MinimumVisualStudioVersion = 10.0.40219.1
Project("{FAE04EC0-301F-11D3-BF4B-00C04F79EFBC}") = "Dthc6d1LapTrinhWins", "Dthc6d1LapTrinhWins\Dthc6d1LapTrinhWins.csproj", "{A4E209D2-5824-45EE-8468-F9524D3C4C88}"
EndProject
Project("{FAE04EC0-301F-11D3-BF4B-00C04F79EFBC}") = "DemoBT2", "DemoBT2\DemoBT2.csproj", "{56CD9383-E620-436F-82D1-57EDDD214528}"
EndProject
Project("{FAE04EC0-301F-11D3-BF4B-00C04F79EFBC}") = "LapTrinhTrenGiaoDien", "LapTrinhTrenGiaoDien\LapTrinhTrenGiaoDien.csproj", "{1EB42BE5-BC33-4418-B588-78AB27011447}"
EndProject
Global
	GlobalSection(SolutionConfigurationPlatforms) = preSolution
		Debug|Any CPU = Debug|Any CPU
		Release|Any CPU = Release|Any CPU
	EndGlobalSection
	GlobalSection(ProjectConfigurationPlatforms) = postSolution
		{A4E209D2-5824-45EE-8468-F9524D3C4C88}.Debug|Any CPU.ActiveCfg = Debug|Any CPU
		{A4E209D2-5824-45EE-8468-F9524D3C4C88}.Debug|Any CPU.Build.0 = Debug|Any CPU
		{A4E209D2-5824-45EE-8468-F9524D3C4C88}.Release|Any CPU.ActiveCfg = Release|Any CPU
		{A4E209D2-5824-45EE-8468-F9524D3C4C88}.Release|Any CPU.Build.0 = Release|Any CPU
		{56CD9383-E620-436F-82D1-57EDDD214528}.Debug|Any CPU.ActiveCfg = Debug|Any CPU
		{56CD9383-E620-436F-82D1-57EDDD214528}.Debug|Any CPU.Build.0 = Debug|Any CPU
		{56CD9383-E620-436F-82D1-57EDDD214528}.Release|Any CPU.ActiveCfg = Release|Any CPU
		{56CD9383-E620-436F-82D1-57EDDD214528}.Release|Any CPU.Build.0 = Release|Any CPU
		{1EB42BE5-BC33-4418-B588-78AB27011447}.Debug|Any CPU.ActiveCfg = Debug|Any CPU
		{1EB42BE5-BC33-4418-B588-78AB27011447}.Debug|Any CPU.Build.0 = Debug|Any CPU
		{1EB42BE5-BC33-4418-B588-78AB27011447}.Release|Any CPU.ActiveCfg = Release|Any CPU
		{1EB42BE5-BC33-4418-B588-78AB27011447}.Release|Any CPU.Build.0 = Release|Any CPU
	EndGlobalSection
	GlobalSection(SolutionProperties) = preSolution
		HideSolutionNode = FALSE
	EndGlobalSection
	GlobalSection(ExtensibilityGlobals) = postSolution
		SolutionGuid = {B34E3537-0581-47DD-B0B1-21DB421D420A}
	EndGlobalSection
EndGlobal
